// !$*UTF8*$!
{
	archiveVersion = 1;
	classes = {
	};
	objectVersion = 50;
	objects = {

/* Begin PBXBuildFile section */
		4F406ED922720CF80005217D /* AppDelegate.swift in Sources */ = {isa = PBXBuildFile; fileRef = 4F406ED822720CF80005217D /* AppDelegate.swift */; };
		4F406EDB22720CF80005217D /* ViewController.swift in Sources */ = {isa = PBXBuildFile; fileRef = 4F406EDA22720CF80005217D /* ViewController.swift */; };
		4F406EDE22720CF80005217D /* Main.storyboard in Resources */ = {isa = PBXBuildFile; fileRef = 4F406EDC22720CF80005217D /* Main.storyboard */; };
		4F406EE022720CFA0005217D /* Assets.xcassets in Resources */ = {isa = PBXBuildFile; fileRef = 4F406EDF22720CFA0005217D /* Assets.xcassets */; };
		4F406EE322720CFA0005217D /* LaunchScreen.storyboard in Resources */ = {isa = PBXBuildFile; fileRef = 4F406EE122720CFA0005217D /* LaunchScreen.storyboard */; };
		4F5FA77022720E7B00E87975 /* Artist.swift in Sources */ = {isa = PBXBuildFile; fileRef = 4F5FA76F22720E7B00E87975 /* Artist.swift */; };
		4F5FA77222720FF900E87975 /* Genre.swift in Sources */ = {isa = PBXBuildFile; fileRef = 4F5FA77122720FF900E87975 /* Genre.swift */; };
		4F5FA7742272103900E87975 /* Album.swift in Sources */ = {isa = PBXBuildFile; fileRef = 4F5FA7732272103900E87975 /* Album.swift */; };
		4F5FA776227214CA00E87975 /* Song.swift in Sources */ = {isa = PBXBuildFile; fileRef = 4F5FA775227214CA00E87975 /* Song.swift */; };
		4F5FA778227216B400E87975 /* Stub.swift in Sources */ = {isa = PBXBuildFile; fileRef = 4F5FA777227216B400E87975 /* Stub.swift */; };
		4F5FA77C2272D12E00E87975 /* SearchResultsController.swift in Sources */ = {isa = PBXBuildFile; fileRef = 4F5FA77B2272D12E00E87975 /* SearchResultsController.swift */; };
		4F5FA77F2272D80900E87975 /* SearchResultsDataSource.swift in Sources */ = {isa = PBXBuildFile; fileRef = 4F5FA77E2272D80900E87975 /* SearchResultsDataSource.swift */; };
		4F5FA7812272E8F400E87975 /* AlbumListController.swift in Sources */ = {isa = PBXBuildFile; fileRef = 4F5FA7802272E8F400E87975 /* AlbumListController.swift */; };
		4F5FA7852272EA0100E87975 /* AlbumCell.swift in Sources */ = {isa = PBXBuildFile; fileRef = 4F5FA7842272EA0100E87975 /* AlbumCell.swift */; };
		4F5FA7872272F36D00E87975 /* AlbumListDataSource.swift in Sources */ = {isa = PBXBuildFile; fileRef = 4F5FA7862272F36D00E87975 /* AlbumListDataSource.swift */; };
		4F5FA78A2272F58F00E87975 /* AlbumCellViewModel.swift in Sources */ = {isa = PBXBuildFile; fileRef = 4F5FA7892272F58F00E87975 /* AlbumCellViewModel.swift */; };
		4F5FA78C2272FC3700E87975 /* AlbumDetailController.swift in Sources */ = {isa = PBXBuildFile; fileRef = 4F5FA78B2272FC3700E87975 /* AlbumDetailController.swift */; };
		4F5FA78E2273015400E87975 /* AlbumDetailViewModel.swift in Sources */ = {isa = PBXBuildFile; fileRef = 4F5FA78D2273015400E87975 /* AlbumDetailViewModel.swift */; };
		4F5FA7902273041A00E87975 /* AlbumDetailDataSource.swift in Sources */ = {isa = PBXBuildFile; fileRef = 4F5FA78F2273041A00E87975 /* AlbumDetailDataSource.swift */; };
		4F5FA792227304BC00E87975 /* SongCell.swift in Sources */ = {isa = PBXBuildFile; fileRef = 4F5FA791227304BC00E87975 /* SongCell.swift */; };
		4F5FA7942273060200E87975 /* SongViewModel.swift in Sources */ = {isa = PBXBuildFile; fileRef = 4F5FA7932273060200E87975 /* SongViewModel.swift */; };
		4F5FA79722730AF500E87975 /* ItunesMedia.swift in Sources */ = {isa = PBXBuildFile; fileRef = 4F5FA79622730AF500E87975 /* ItunesMedia.swift */; };
		4F5FA79922730B4600E87975 /* Endpoint.swift in Sources */ = {isa = PBXBuildFile; fileRef = 4F5FA79822730B4600E87975 /* Endpoint.swift */; };
		4F5FA79B22733BDE00E87975 /* ItunesEntity.swift in Sources */ = {isa = PBXBuildFile; fileRef = 4F5FA79A22733BDE00E87975 /* ItunesEntity.swift */; };
		4F5FA79D22733F0600E87975 /* QueryItemProvider.swift in Sources */ = {isa = PBXBuildFile; fileRef = 4F5FA79C22733F0600E87975 /* QueryItemProvider.swift */; };
		4F5FA79F227341A300E87975 /* ItunesAttributes.swift in Sources */ = {isa = PBXBuildFile; fileRef = 4F5FA79E227341A300E87975 /* ItunesAttributes.swift */; };
		4F5FA7A222749A6800E87975 /* JSONDownloader.swift in Sources */ = {isa = PBXBuildFile; fileRef = 4F5FA7A122749A6800E87975 /* JSONDownloader.swift */; };
		4F5FA7A422749B3500E87975 /* ItunesError.swift in Sources */ = {isa = PBXBuildFile; fileRef = 4F5FA7A322749B3500E87975 /* ItunesError.swift */; };
		4F5FA7A622749CD100E87975 /* ItunesAPIClient.swift in Sources */ = {isa = PBXBuildFile; fileRef = 4F5FA7A522749CD100E87975 /* ItunesAPIClient.swift */; };
/* End PBXBuildFile section */

/* Begin PBXFileReference section */
		4F406ED522720CF80005217D /* iTunesClient.app */ = {isa = PBXFileReference; explicitFileType = wrapper.application; includeInIndex = 0; path = iTunesClient.app; sourceTree = BUILT_PRODUCTS_DIR; };
		4F406ED822720CF80005217D /* AppDelegate.swift */ = {isa = PBXFileReference; lastKnownFileType = sourcecode.swift; path = AppDelegate.swift; sourceTree = "<group>"; };
		4F406EDA22720CF80005217D /* ViewController.swift */ = {isa = PBXFileReference; lastKnownFileType = sourcecode.swift; path = ViewController.swift; sourceTree = "<group>"; };
		4F406EDD22720CF80005217D /* Base */ = {isa = PBXFileReference; lastKnownFileType = file.storyboard; name = Base; path = Base.lproj/Main.storyboard; sourceTree = "<group>"; };
		4F406EDF22720CFA0005217D /* Assets.xcassets */ = {isa = PBXFileReference; lastKnownFileType = folder.assetcatalog; path = Assets.xcassets; sourceTree = "<group>"; };
		4F406EE222720CFA0005217D /* Base */ = {isa = PBXFileReference; lastKnownFileType = file.storyboard; name = Base; path = Base.lproj/LaunchScreen.storyboard; sourceTree = "<group>"; };
		4F406EE422720CFA0005217D /* Info.plist */ = {isa = PBXFileReference; lastKnownFileType = text.plist.xml; path = Info.plist; sourceTree = "<group>"; };
		4F5FA76F22720E7B00E87975 /* Artist.swift */ = {isa = PBXFileReference; lastKnownFileType = sourcecode.swift; path = Artist.swift; sourceTree = "<group>"; };
		4F5FA77122720FF900E87975 /* Genre.swift */ = {isa = PBXFileReference; lastKnownFileType = sourcecode.swift; path = Genre.swift; sourceTree = "<group>"; };
		4F5FA7732272103900E87975 /* Album.swift */ = {isa = PBXFileReference; lastKnownFileType = sourcecode.swift; path = Album.swift; sourceTree = "<group>"; };
		4F5FA775227214CA00E87975 /* Song.swift */ = {isa = PBXFileReference; lastKnownFileType = sourcecode.swift; path = Song.swift; sourceTree = "<group>"; };
		4F5FA777227216B400E87975 /* Stub.swift */ = {isa = PBXFileReference; lastKnownFileType = sourcecode.swift; path = Stub.swift; sourceTree = "<group>"; };
		4F5FA77B2272D12E00E87975 /* SearchResultsController.swift */ = {isa = PBXFileReference; lastKnownFileType = sourcecode.swift; path = SearchResultsController.swift; sourceTree = "<group>"; };
		4F5FA77E2272D80900E87975 /* SearchResultsDataSource.swift */ = {isa = PBXFileReference; lastKnownFileType = sourcecode.swift; path = SearchResultsDataSource.swift; sourceTree = "<group>"; };
		4F5FA7802272E8F400E87975 /* AlbumListController.swift */ = {isa = PBXFileReference; lastKnownFileType = sourcecode.swift; path = AlbumListController.swift; sourceTree = "<group>"; };
		4F5FA7842272EA0100E87975 /* AlbumCell.swift */ = {isa = PBXFileReference; lastKnownFileType = sourcecode.swift; path = AlbumCell.swift; sourceTree = "<group>"; };
		4F5FA7862272F36D00E87975 /* AlbumListDataSource.swift */ = {isa = PBXFileReference; lastKnownFileType = sourcecode.swift; path = AlbumListDataSource.swift; sourceTree = "<group>"; };
		4F5FA7892272F58F00E87975 /* AlbumCellViewModel.swift */ = {isa = PBXFileReference; lastKnownFileType = sourcecode.swift; path = AlbumCellViewModel.swift; sourceTree = "<group>"; };
		4F5FA78B2272FC3700E87975 /* AlbumDetailController.swift */ = {isa = PBXFileReference; lastKnownFileType = sourcecode.swift; path = AlbumDetailController.swift; sourceTree = "<group>"; };
		4F5FA78D2273015400E87975 /* AlbumDetailViewModel.swift */ = {isa = PBXFileReference; lastKnownFileType = sourcecode.swift; path = AlbumDetailViewModel.swift; sourceTree = "<group>"; };
		4F5FA78F2273041A00E87975 /* AlbumDetailDataSource.swift */ = {isa = PBXFileReference; lastKnownFileType = sourcecode.swift; path = AlbumDetailDataSource.swift; sourceTree = "<group>"; };
		4F5FA791227304BC00E87975 /* SongCell.swift */ = {isa = PBXFileReference; lastKnownFileType = sourcecode.swift; path = SongCell.swift; sourceTree = "<group>"; };
		4F5FA7932273060200E87975 /* SongViewModel.swift */ = {isa = PBXFileReference; lastKnownFileType = sourcecode.swift; path = SongViewModel.swift; sourceTree = "<group>"; };
		4F5FA79622730AF500E87975 /* ItunesMedia.swift */ = {isa = PBXFileReference; lastKnownFileType = sourcecode.swift; path = ItunesMedia.swift; sourceTree = "<group>"; };
		4F5FA79822730B4600E87975 /* Endpoint.swift */ = {isa = PBXFileReference; lastKnownFileType = sourcecode.swift; path = Endpoint.swift; sourceTree = "<group>"; };
		4F5FA79A22733BDE00E87975 /* ItunesEntity.swift */ = {isa = PBXFileReference; lastKnownFileType = sourcecode.swift; path = ItunesEntity.swift; sourceTree = "<group>"; };
		4F5FA79C22733F0600E87975 /* QueryItemProvider.swift */ = {isa = PBXFileReference; lastKnownFileType = sourcecode.swift; path = QueryItemProvider.swift; sourceTree = "<group>"; };
		4F5FA79E227341A300E87975 /* ItunesAttributes.swift */ = {isa = PBXFileReference; lastKnownFileType = sourcecode.swift; path = ItunesAttributes.swift; sourceTree = "<group>"; };
		4F5FA7A122749A6800E87975 /* JSONDownloader.swift */ = {isa = PBXFileReference; lastKnownFileType = sourcecode.swift; path = JSONDownloader.swift; sourceTree = "<group>"; };
		4F5FA7A322749B3500E87975 /* ItunesError.swift */ = {isa = PBXFileReference; lastKnownFileType = sourcecode.swift; path = ItunesError.swift; sourceTree = "<group>"; };
		4F5FA7A522749CD100E87975 /* ItunesAPIClient.swift */ = {isa = PBXFileReference; lastKnownFileType = sourcecode.swift; path = ItunesAPIClient.swift; sourceTree = "<group>"; };
/* End PBXFileReference section */

/* Begin PBXFrameworksBuildPhase section */
		4F406ED222720CF80005217D /* Frameworks */ = {
			isa = PBXFrameworksBuildPhase;
			buildActionMask = 2147483647;
			files = (
			);
			runOnlyForDeploymentPostprocessing = 0;
		};
/* End PBXFrameworksBuildPhase section */

/* Begin PBXGroup section */
		4F406ECC22720CF80005217D = {
			isa = PBXGroup;
			children = (
				4F406ED722720CF80005217D /* iTunesClient */,
				4F406ED622720CF80005217D /* Products */,
			);
			sourceTree = "<group>";
		};
		4F406ED622720CF80005217D /* Products */ = {
			isa = PBXGroup;
			children = (
				4F406ED522720CF80005217D /* iTunesClient.app */,
			);
			name = Products;
			sourceTree = "<group>";
		};
		4F406ED722720CF80005217D /* iTunesClient */ = {
			isa = PBXGroup;
			children = (
				4F5FA7A022749A4C00E87975 /* Networking */,
				4F5FA7882272F55E00E87975 /* ViewModels */,
				4F5FA77D2272D7D900E87975 /* Data Sources */,
				4F5FA76E22720E6500E87975 /* Controllers */,
				4F5FA76D22720E6000E87975 /* Views */,
				4F5FA76C22720E5800E87975 /* Models */,
				4F406ED822720CF80005217D /* AppDelegate.swift */,
				4F406EDC22720CF80005217D /* Main.storyboard */,
				4F406EDF22720CFA0005217D /* Assets.xcassets */,
				4F406EE122720CFA0005217D /* LaunchScreen.storyboard */,
				4F406EE422720CFA0005217D /* Info.plist */,
			);
			path = iTunesClient;
			sourceTree = "<group>";
		};
		4F5FA76C22720E5800E87975 /* Models */ = {
			isa = PBXGroup;
			children = (
				4F5FA79522730AAF00E87975 /* Endpoint */,
				4F5FA76F22720E7B00E87975 /* Artist.swift */,
				4F5FA77122720FF900E87975 /* Genre.swift */,
				4F5FA7732272103900E87975 /* Album.swift */,
				4F5FA775227214CA00E87975 /* Song.swift */,
				4F5FA777227216B400E87975 /* Stub.swift */,
			);
			path = Models;
			sourceTree = "<group>";
		};
		4F5FA76D22720E6000E87975 /* Views */ = {
			isa = PBXGroup;
			children = (
				4F5FA7842272EA0100E87975 /* AlbumCell.swift */,
				4F5FA791227304BC00E87975 /* SongCell.swift */,
			);
			path = Views;
			sourceTree = "<group>";
		};
		4F5FA76E22720E6500E87975 /* Controllers */ = {
			isa = PBXGroup;
			children = (
				4F406EDA22720CF80005217D /* ViewController.swift */,
				4F5FA77B2272D12E00E87975 /* SearchResultsController.swift */,
				4F5FA7802272E8F400E87975 /* AlbumListController.swift */,
				4F5FA78B2272FC3700E87975 /* AlbumDetailController.swift */,
			);
			path = Controllers;
			sourceTree = "<group>";
		};
		4F5FA77D2272D7D900E87975 /* Data Sources */ = {
			isa = PBXGroup;
			children = (
				4F5FA77E2272D80900E87975 /* SearchResultsDataSource.swift */,
				4F5FA7862272F36D00E87975 /* AlbumListDataSource.swift */,
				4F5FA78F2273041A00E87975 /* AlbumDetailDataSource.swift */,
			);
			path = "Data Sources";
			sourceTree = "<group>";
		};
		4F5FA7882272F55E00E87975 /* ViewModels */ = {
			isa = PBXGroup;
			children = (
				4F5FA7892272F58F00E87975 /* AlbumCellViewModel.swift */,
				4F5FA78D2273015400E87975 /* AlbumDetailViewModel.swift */,
				4F5FA7932273060200E87975 /* SongViewModel.swift */,
			);
			path = ViewModels;
			sourceTree = "<group>";
		};
		4F5FA79522730AAF00E87975 /* Endpoint */ = {
			isa = PBXGroup;
			children = (
				4F5FA79822730B4600E87975 /* Endpoint.swift */,
				4F5FA79622730AF500E87975 /* ItunesMedia.swift */,
				4F5FA79A22733BDE00E87975 /* ItunesEntity.swift */,
				4F5FA79E227341A300E87975 /* ItunesAttributes.swift */,
				4F5FA79C22733F0600E87975 /* QueryItemProvider.swift */,
			);
			path = Endpoint;
			sourceTree = "<group>";
		};
		4F5FA7A022749A4C00E87975 /* Networking */ = {
			isa = PBXGroup;
			children = (
				4F5FA7A122749A6800E87975 /* JSONDownloader.swift */,
				4F5FA7A322749B3500E87975 /* ItunesError.swift */,
				4F5FA7A522749CD100E87975 /* ItunesAPIClient.swift */,
			);
			path = Networking;
			sourceTree = "<group>";
		};
/* End PBXGroup section */

/* Begin PBXNativeTarget section */
		4F406ED422720CF80005217D /* iTunesClient */ = {
			isa = PBXNativeTarget;
			buildConfigurationList = 4F406EE722720CFA0005217D /* Build configuration list for PBXNativeTarget "iTunesClient" */;
			buildPhases = (
				4F406ED122720CF80005217D /* Sources */,
				4F406ED222720CF80005217D /* Frameworks */,
				4F406ED322720CF80005217D /* Resources */,
			);
			buildRules = (
			);
			dependencies = (
			);
			name = iTunesClient;
			productName = iTunesClient;
			productReference = 4F406ED522720CF80005217D /* iTunesClient.app */;
			productType = "com.apple.product-type.application";
		};
/* End PBXNativeTarget section */

/* Begin PBXProject section */
		4F406ECD22720CF80005217D /* Project object */ = {
			isa = PBXProject;
			attributes = {
				LastSwiftUpdateCheck = 1020;
				LastUpgradeCheck = 1020;
				ORGANIZATIONNAME = anna.sibirtseva;
				TargetAttributes = {
					4F406ED422720CF80005217D = {
						CreatedOnToolsVersion = 10.2;
					};
				};
			};
			buildConfigurationList = 4F406ED022720CF80005217D /* Build configuration list for PBXProject "iTunesClient" */;
			compatibilityVersion = "Xcode 9.3";
			developmentRegion = en;
			hasScannedForEncodings = 0;
			knownRegions = (
				en,
				Base,
			);
			mainGroup = 4F406ECC22720CF80005217D;
			productRefGroup = 4F406ED622720CF80005217D /* Products */;
			projectDirPath = "";
			projectRoot = "";
			targets = (
				4F406ED422720CF80005217D /* iTunesClient */,
			);
		};
/* End PBXProject section */

/* Begin PBXResourcesBuildPhase section */
		4F406ED322720CF80005217D /* Resources */ = {
			isa = PBXResourcesBuildPhase;
			buildActionMask = 2147483647;
			files = (
				4F406EE322720CFA0005217D /* LaunchScreen.storyboard in Resources */,
				4F406EE022720CFA0005217D /* Assets.xcassets in Resources */,
				4F406EDE22720CF80005217D /* Main.storyboard in Resources */,
			);
			runOnlyForDeploymentPostprocessing = 0;
		};
/* End PBXResourcesBuildPhase section */

/* Begin PBXSourcesBuildPhase section */
		4F406ED122720CF80005217D /* Sources */ = {
			isa = PBXSourcesBuildPhase;
			buildActionMask = 2147483647;
			files = (
				4F5FA7A422749B3500E87975 /* ItunesError.swift in Sources */,
				4F5FA7A222749A6800E87975 /* JSONDownloader.swift in Sources */,
				4F5FA776227214CA00E87975 /* Song.swift in Sources */,
				4F5FA77022720E7B00E87975 /* Artist.swift in Sources */,
				4F406EDB22720CF80005217D /* ViewController.swift in Sources */,
				4F5FA79B22733BDE00E87975 /* ItunesEntity.swift in Sources */,
				4F5FA78A2272F58F00E87975 /* AlbumCellViewModel.swift in Sources */,
				4F406ED922720CF80005217D /* AppDelegate.swift in Sources */,
				4F5FA7902273041A00E87975 /* AlbumDetailDataSource.swift in Sources */,
				4F5FA79F227341A300E87975 /* ItunesAttributes.swift in Sources */,
				4F5FA7872272F36D00E87975 /* AlbumListDataSource.swift in Sources */,
				4F5FA79D22733F0600E87975 /* QueryItemProvider.swift in Sources */,
				4F5FA7942273060200E87975 /* SongViewModel.swift in Sources */,
				4F5FA78C2272FC3700E87975 /* AlbumDetailController.swift in Sources */,
				4F5FA77C2272D12E00E87975 /* SearchResultsController.swift in Sources */,
				4F5FA7A622749CD100E87975 /* ItunesAPIClient.swift in Sources */,
				4F5FA7812272E8F400E87975 /* AlbumListController.swift in Sources */,
				4F5FA792227304BC00E87975 /* SongCell.swift in Sources */,
				4F5FA77222720FF900E87975 /* Genre.swift in Sources */,
				4F5FA7742272103900E87975 /* Album.swift in Sources */,
				4F5FA79922730B4600E87975 /* Endpoint.swift in Sources */,
				4F5FA77F2272D80900E87975 /* SearchResultsDataSource.swift in Sources */,
				4F5FA7852272EA0100E87975 /* AlbumCell.swift in Sources */,
				4F5FA79722730AF500E87975 /* ItunesMedia.swift in Sources */,
				4F5FA778227216B400E87975 /* Stub.swift in Sources */,
				4F5FA78E2273015400E87975 /* AlbumDetailViewModel.swift in Sources */,
			);
			runOnlyForDeploymentPostprocessing = 0;
		};
/* End PBXSourcesBuildPhase section */

/* Begin PBXVariantGroup section */
		4F406EDC22720CF80005217D /* Main.storyboard */ = {
			isa = PBXVariantGroup;
			children = (
				4F406EDD22720CF80005217D /* Base */,
			);
			name = Main.storyboard;
			sourceTree = "<group>";
		};
		4F406EE122720CFA0005217D /* LaunchScreen.storyboard */ = {
			isa = PBXVariantGroup;
			children = (
				4F406EE222720CFA0005217D /* Base */,
			);
			name = LaunchScreen.storyboard;
			sourceTree = "<group>";
		};
/* End PBXVariantGroup section */

/* Begin XCBuildConfiguration section */
		4F406EE522720CFA0005217D /* Debug */ = {
			isa = XCBuildConfiguration;
			buildSettings = {
				ALWAYS_SEARCH_USER_PATHS = NO;
				CLANG_ANALYZER_NONNULL = YES;
				CLANG_ANALYZER_NUMBER_OBJECT_CONVERSION = YES_AGGRESSIVE;
				CLANG_CXX_LANGUAGE_STANDARD = "gnu++14";
				CLANG_CXX_LIBRARY = "libc++";
				CLANG_ENABLE_MODULES = YES;
				CLANG_ENABLE_OBJC_ARC = YES;
				CLANG_ENABLE_OBJC_WEAK = YES;
				CLANG_WARN_BLOCK_CAPTURE_AUTORELEASING = YES;
				CLANG_WARN_BOOL_CONVERSION = YES;
				CLANG_WARN_COMMA = YES;
				CLANG_WARN_CONSTANT_CONVERSION = YES;
				CLANG_WARN_DEPRECATED_OBJC_IMPLEMENTATIONS = YES;
				CLANG_WARN_DIRECT_OBJC_ISA_USAGE = YES_ERROR;
				CLANG_WARN_DOCUMENTATION_COMMENTS = YES;
				CLANG_WARN_EMPTY_BODY = YES;
				CLANG_WARN_ENUM_CONVERSION = YES;
				CLANG_WARN_INFINITE_RECURSION = YES;
				CLANG_WARN_INT_CONVERSION = YES;
				CLANG_WARN_NON_LITERAL_NULL_CONVERSION = YES;
				CLANG_WARN_OBJC_IMPLICIT_RETAIN_SELF = YES;
				CLANG_WARN_OBJC_LITERAL_CONVERSION = YES;
				CLANG_WARN_OBJC_ROOT_CLASS = YES_ERROR;
				CLANG_WARN_RANGE_LOOP_ANALYSIS = YES;
				CLANG_WARN_STRICT_PROTOTYPES = YES;
				CLANG_WARN_SUSPICIOUS_MOVE = YES;
				CLANG_WARN_UNGUARDED_AVAILABILITY = YES_AGGRESSIVE;
				CLANG_WARN_UNREACHABLE_CODE = YES;
				CLANG_WARN__DUPLICATE_METHOD_MATCH = YES;
				CODE_SIGN_IDENTITY = "iPhone Developer";
				COPY_PHASE_STRIP = NO;
				DEBUG_INFORMATION_FORMAT = dwarf;
				ENABLE_STRICT_OBJC_MSGSEND = YES;
				ENABLE_TESTABILITY = YES;
				GCC_C_LANGUAGE_STANDARD = gnu11;
				GCC_DYNAMIC_NO_PIC = NO;
				GCC_NO_COMMON_BLOCKS = YES;
				GCC_OPTIMIZATION_LEVEL = 0;
				GCC_PREPROCESSOR_DEFINITIONS = (
					"DEBUG=1",
					"$(inherited)",
				);
				GCC_WARN_64_TO_32_BIT_CONVERSION = YES;
				GCC_WARN_ABOUT_RETURN_TYPE = YES_ERROR;
				GCC_WARN_UNDECLARED_SELECTOR = YES;
				GCC_WARN_UNINITIALIZED_AUTOS = YES_AGGRESSIVE;
				GCC_WARN_UNUSED_FUNCTION = YES;
				GCC_WARN_UNUSED_VARIABLE = YES;
				IPHONEOS_DEPLOYMENT_TARGET = 12.2;
				MTL_ENABLE_DEBUG_INFO = INCLUDE_SOURCE;
				MTL_FAST_MATH = YES;
				ONLY_ACTIVE_ARCH = YES;
				SDKROOT = iphoneos;
				SWIFT_ACTIVE_COMPILATION_CONDITIONS = DEBUG;
				SWIFT_OPTIMIZATION_LEVEL = "-Onone";
			};
			name = Debug;
		};
		4F406EE622720CFA0005217D /* Release */ = {
			isa = XCBuildConfiguration;
			buildSettings = {
				ALWAYS_SEARCH_USER_PATHS = NO;
				CLANG_ANALYZER_NONNULL = YES;
				CLANG_ANALYZER_NUMBER_OBJECT_CONVERSION = YES_AGGRESSIVE;
				CLANG_CXX_LANGUAGE_STANDARD = "gnu++14";
				CLANG_CXX_LIBRARY = "libc++";
				CLANG_ENABLE_MODULES = YES;
				CLANG_ENABLE_OBJC_ARC = YES;
				CLANG_ENABLE_OBJC_WEAK = YES;
				CLANG_WARN_BLOCK_CAPTURE_AUTORELEASING = YES;
				CLANG_WARN_BOOL_CONVERSION = YES;
				CLANG_WARN_COMMA = YES;
				CLANG_WARN_CONSTANT_CONVERSION = YES;
				CLANG_WARN_DEPRECATED_OBJC_IMPLEMENTATIONS = YES;
				CLANG_WARN_DIRECT_OBJC_ISA_USAGE = YES_ERROR;
				CLANG_WARN_DOCUMENTATION_COMMENTS = YES;
				CLANG_WARN_EMPTY_BODY = YES;
				CLANG_WARN_ENUM_CONVERSION = YES;
				CLANG_WARN_INFINITE_RECURSION = YES;
				CLANG_WARN_INT_CONVERSION = YES;
				CLANG_WARN_NON_LITERAL_NULL_CONVERSION = YES;
				CLANG_WARN_OBJC_IMPLICIT_RETAIN_SELF = YES;
				CLANG_WARN_OBJC_LITERAL_CONVERSION = YES;
				CLANG_WARN_OBJC_ROOT_CLASS = YES_ERROR;
				CLANG_WARN_RANGE_LOOP_ANALYSIS = YES;
				CLANG_WARN_STRICT_PROTOTYPES = YES;
				CLANG_WARN_SUSPICIOUS_MOVE = YES;
				CLANG_WARN_UNGUARDED_AVAILABILITY = YES_AGGRESSIVE;
				CLANG_WARN_UNREACHABLE_CODE = YES;
				CLANG_WARN__DUPLICATE_METHOD_MATCH = YES;
				CODE_SIGN_IDENTITY = "iPhone Developer";
				COPY_PHASE_STRIP = NO;
				DEBUG_INFORMATION_FORMAT = "dwarf-with-dsym";
				ENABLE_NS_ASSERTIONS = NO;
				ENABLE_STRICT_OBJC_MSGSEND = YES;
				GCC_C_LANGUAGE_STANDARD = gnu11;
				GCC_NO_COMMON_BLOCKS = YES;
				GCC_WARN_64_TO_32_BIT_CONVERSION = YES;
				GCC_WARN_ABOUT_RETURN_TYPE = YES_ERROR;
				GCC_WARN_UNDECLARED_SELECTOR = YES;
				GCC_WARN_UNINITIALIZED_AUTOS = YES_AGGRESSIVE;
				GCC_WARN_UNUSED_FUNCTION = YES;
				GCC_WARN_UNUSED_VARIABLE = YES;
				IPHONEOS_DEPLOYMENT_TARGET = 12.2;
				MTL_ENABLE_DEBUG_INFO = NO;
				MTL_FAST_MATH = YES;
				SDKROOT = iphoneos;
				SWIFT_COMPILATION_MODE = wholemodule;
				SWIFT_OPTIMIZATION_LEVEL = "-O";
				VALIDATE_PRODUCT = YES;
			};
			name = Release;
		};
		4F406EE822720CFA0005217D /* Debug */ = {
			isa = XCBuildConfiguration;
			buildSettings = {
				ASSETCATALOG_COMPILER_APPICON_NAME = AppIcon;
				CODE_SIGN_STYLE = Automatic;
				INFOPLIST_FILE = iTunesClient/Info.plist;
				LD_RUNPATH_SEARCH_PATHS = (
					"$(inherited)",
					"@executable_path/Frameworks",
				);
				PRODUCT_BUNDLE_IDENTIFIER = accenture.iTunesClient;
				PRODUCT_NAME = "$(TARGET_NAME)";
				SWIFT_VERSION = 5.0;
				TARGETED_DEVICE_FAMILY = "1,2";
			};
			name = Debug;
		};
		4F406EE922720CFA0005217D /* Release */ = {
			isa = XCBuildConfiguration;
			buildSettings = {
				ASSETCATALOG_COMPILER_APPICON_NAME = AppIcon;
				CODE_SIGN_STYLE = Automatic;
				INFOPLIST_FILE = iTunesClient/Info.plist;
				LD_RUNPATH_SEARCH_PATHS = (
					"$(inherited)",
					"@executable_path/Frameworks",
				);
				PRODUCT_BUNDLE_IDENTIFIER = accenture.iTunesClient;
				PRODUCT_NAME = "$(TARGET_NAME)";
				SWIFT_VERSION = 5.0;
				TARGETED_DEVICE_FAMILY = "1,2";
			};
			name = Release;
		};
/* End XCBuildConfiguration section */

/* Begin XCConfigurationList section */
		4F406ED022720CF80005217D /* Build configuration list for PBXProject "iTunesClient" */ = {
			isa = XCConfigurationList;
			buildConfigurations = (
				4F406EE522720CFA0005217D /* Debug */,
				4F406EE622720CFA0005217D /* Release */,
			);
			defaultConfigurationIsVisible = 0;
			defaultConfigurationName = Release;
		};
		4F406EE722720CFA0005217D /* Build configuration list for PBXNativeTarget "iTunesClient" */ = {
			isa = XCConfigurationList;
			buildConfigurations = (
				4F406EE822720CFA0005217D /* Debug */,
				4F406EE922720CFA0005217D /* Release */,
			);
			defaultConfigurationIsVisible = 0;
			defaultConfigurationName = Release;
		};
/* End XCConfigurationList section */
	};
	rootObject = 4F406ECD22720CF80005217D /* Project object */;
}
